
Microsoft Visual Studio Solution File, Format Version 12.00
# Visual Studio 2013
VisualStudioVersion = 12.0.20617.1 PREVIEW
MinimumVisualStudioVersion = 10.0.40219.1
Project("{F2A71F9B-5D33-465A-A702-920D77279786}") = "Miser", "Miser\Miser.fsproj", "{C8CC877E-AF4D-4380-B521-A7CCC8F15E04}"
EndProject
Global
	GlobalSection(SolutionConfigurationPlatforms) = preSolution
		Debug|Any CPU = Debug|Any CPU
		Release|Any CPU = Release|Any CPU
	EndGlobalSection
	GlobalSection(ProjectConfigurationPlatforms) = postSolution
		{C8CC877E-AF4D-4380-B521-A7CCC8F15E04}.Debug|Any CPU.ActiveCfg = Debug|Any CPU
		{C8CC877E-AF4D-4380-B521-A7CCC8F15E04}.Debug|Any CPU.Build.0 = Debug|Any CPU
		{C8CC877E-AF4D-4380-B521-A7CCC8F15E04}.Release|Any CPU.ActiveCfg = Release|Any CPU
		{C8CC877E-AF4D-4380-B521-A7CCC8F15E04}.Release|Any CPU.Build.0 = Release|Any CPU
	EndGlobalSection
	GlobalSection(SolutionProperties) = preSolution
		HideSolutionNode = FALSE
	EndGlobalSection
EndGlobal
