
Microsoft Visual Studio Solution File, Format Version 12.00
# Visual Studio 14
VisualStudioVersion = 14.0.23107.0
MinimumVisualStudioVersion = 10.0.40219.1
Project("{F2A71F9B-5D33-465A-A702-920D77279786}") = "Miser.Tests", "..\tests\Miser.Tests\Miser.Tests.fsproj", "{2F8B8C84-6E55-4A0C-86C1-DA84F4515D11}"
EndProject
Project("{F2A71F9B-5D33-465A-A702-920D77279786}") = "Miser", "Miser\Miser.fsproj", "{1E79C06E-B849-4084-8875-1D0052DC5C52}"
EndProject
Project("{F2A71F9B-5D33-465A-A702-920D77279786}") = "Miser.TypeProvider", "Miser.TypeProvider\Miser.TypeProvider.fsproj", "{A5CF93EF-BFCD-49BB-A5FF-437A75F618FC}"
EndProject
Project("{F2A71F9B-5D33-465A-A702-920D77279786}") = "Miser.LanguageService", "Miser.LanguageService\Miser.LanguageService.fsproj", "{BB378DBD-D411-47E5-84B8-6A5B3FFA2158}"
EndProject
Global
	GlobalSection(SolutionConfigurationPlatforms) = preSolution
		Debug|Any CPU = Debug|Any CPU
		Release|Any CPU = Release|Any CPU
	EndGlobalSection
	GlobalSection(ProjectConfigurationPlatforms) = postSolution
		{2F8B8C84-6E55-4A0C-86C1-DA84F4515D11}.Debug|Any CPU.ActiveCfg = Debug|Any CPU
		{2F8B8C84-6E55-4A0C-86C1-DA84F4515D11}.Debug|Any CPU.Build.0 = Debug|Any CPU
		{2F8B8C84-6E55-4A0C-86C1-DA84F4515D11}.Release|Any CPU.ActiveCfg = Release|Any CPU
		{2F8B8C84-6E55-4A0C-86C1-DA84F4515D11}.Release|Any CPU.Build.0 = Release|Any CPU
		{1E79C06E-B849-4084-8875-1D0052DC5C52}.Debug|Any CPU.ActiveCfg = Debug|Any CPU
		{1E79C06E-B849-4084-8875-1D0052DC5C52}.Debug|Any CPU.Build.0 = Debug|Any CPU
		{1E79C06E-B849-4084-8875-1D0052DC5C52}.Release|Any CPU.ActiveCfg = Release|Any CPU
		{1E79C06E-B849-4084-8875-1D0052DC5C52}.Release|Any CPU.Build.0 = Release|Any CPU
		{A5CF93EF-BFCD-49BB-A5FF-437A75F618FC}.Debug|Any CPU.ActiveCfg = Debug|Any CPU
		{A5CF93EF-BFCD-49BB-A5FF-437A75F618FC}.Debug|Any CPU.Build.0 = Debug|Any CPU
		{A5CF93EF-BFCD-49BB-A5FF-437A75F618FC}.Release|Any CPU.ActiveCfg = Release|Any CPU
		{A5CF93EF-BFCD-49BB-A5FF-437A75F618FC}.Release|Any CPU.Build.0 = Release|Any CPU
		{BB378DBD-D411-47E5-84B8-6A5B3FFA2158}.Debug|Any CPU.ActiveCfg = Debug|Any CPU
		{BB378DBD-D411-47E5-84B8-6A5B3FFA2158}.Debug|Any CPU.Build.0 = Debug|Any CPU
		{BB378DBD-D411-47E5-84B8-6A5B3FFA2158}.Release|Any CPU.ActiveCfg = Release|Any CPU
		{BB378DBD-D411-47E5-84B8-6A5B3FFA2158}.Release|Any CPU.Build.0 = Release|Any CPU
	EndGlobalSection
	GlobalSection(SolutionProperties) = preSolution
		HideSolutionNode = FALSE
	EndGlobalSection
EndGlobal
